uuid: 62a20404-a4b5-46e2-a050-79698c7e9eaa
langcode: en
status: true
dependencies:
  module:
    - ctools
    - node
    - toc_js
    - user
  theme:
    - cloudy2
id: toc.jsblock
theme: cloudy2
region: content
weight: 0
provider: null
plugin: toc_js_block
settings:
  id: toc_js_block
  label: 'Toc.js block'
  provider: toc_js
  label_display: visible
  title: 'Table of content'
  selectors: 'h2, h3'
  selectors_minimum: '0'
  container: .node
  prefix: toc
  list_type: ul
  back_to_top: 0
  back_to_top_label: 'Back to top'
  smooth_scrolling: 1
  scroll_to_offset: '100'
  highlight_on_scroll: 1
  highlight_offset: '100'
  sticky: 0
  sticky_offset: '0'
  sticky_stop: ''
  sticky_stop_padding: '0'
visibility:
  'entity_bundle:node':
    id: 'entity_bundle:node'
    bundles:
      page: page
    negate: false
    context_mapping:
      node: '@node.node_route_context:node'
  node_type:
    id: node_type
    bundles:
      page: page
    negate: false
    context_mapping:
      node: '@node.node_route_context:node'
  user_role:
    id: user_role
    roles:
      administrator: administrator
    negate: false
    context_mapping:
      user: '@user.current_user_context:current_user'
